header:
    version: 14
overrides:
    repos:
        bitbake:
            commit: cff3be6f664f8f07a40727ff63eeeb24d6f5e00b
        openembedded-core:
            commit: 310eec2cb646d7d1a3ca99bad7e37495bb418a0d
        meta-openembedded:
            commit: bec755063a8b5da65df626f5749496aadaa4f4bb
        meta-arm:
            commit: 045eb74bd9abe7d9ccf365a2417e440ce83bcbb0
        meta-mender:
            commit: 8ab74a35a94cd39b7eed8603ab76c15a6d637a4a
        meta-xilinx:
            commit: ce9fb7aa87f9cd1c74cf3f2619227ccf536ed2bb
        meta-stm32:
            commit: 671610c4d5541b65de983986faf0d3ca8d4fb4e9
        meta-virtualization:
            commit: f980aefbc8b3eeafb8d144e7fdac3c3b701a4fea
        meta-security:
            commit: b13f1705d723650de61277670c8a76aadea4cfdd
        meta-sdr:
            commit: f1c81da49254ada1a551b75f2da13885ad4515a7
        meta-qt5:
            commit: 227cf5e7b64c93dfc1a45f235c466db8c3fd8707
        meta-xilinx-tools:
            commit: 5545108b2e737b7920c2f5e0f766ebe300c2de19
        meta-amd-adaptive-socs:
            commit: 31792ed6569eb32a2f76f02647a165bae1ce5d7c
        meta-openamp:
            commit: e44e4a3b4abe9cc5fdfe75c43181ba82750f6865
        meta-ettus:
            commit: 2556915c9214e723c935b7bc7d7a426e3a3c3021